
Microsoft Visual Studio Solution File, Format Version 12.00
# Visual Studio Version 16
VisualStudioVersion = 16.0.29306.81
MinimumVisualStudioVersion = 10.0.40219.1
Project("{FAE04EC0-301F-11D3-BF4B-00C04F79EFBC}") = "FitxersEx02", "FitxersEx02\FitxersEx02.csproj", "{70B41846-9711-4ECB-AFC5-155D0CD20785}"
EndProject
Global
	GlobalSection(SolutionConfigurationPlatforms) = preSolution
		Debug|Any CPU = Debug|Any CPU
		Release|Any CPU = Release|Any CPU
	EndGlobalSection
	GlobalSection(ProjectConfigurationPlatforms) = postSolution
		{70B41846-9711-4ECB-AFC5-155D0CD20785}.Debug|Any CPU.ActiveCfg = Debug|Any CPU
		{70B41846-9711-4ECB-AFC5-155D0CD20785}.Debug|Any CPU.Build.0 = Debug|Any CPU
		{70B41846-9711-4ECB-AFC5-155D0CD20785}.Release|Any CPU.ActiveCfg = Release|Any CPU
		{70B41846-9711-4ECB-AFC5-155D0CD20785}.Release|Any CPU.Build.0 = Release|Any CPU
	EndGlobalSection
	GlobalSection(SolutionProperties) = preSolution
		HideSolutionNode = FALSE
	EndGlobalSection
	GlobalSection(ExtensibilityGlobals) = postSolution
		SolutionGuid = {E83B552D-02E3-481F-87A7-0777D687983B}
	EndGlobalSection
EndGlobal
