
Microsoft Visual Studio Solution File, Format Version 12.00
# Visual Studio Version 16
VisualStudioVersion = 16.0.29306.81
MinimumVisualStudioVersion = 10.0.40219.1
Project("{FAE04EC0-301F-11D3-BF4B-00C04F79EFBC}") = "Exercici1-3", "Exercici1-3\Exercici1-3.csproj", "{A0EFF413-20F3-41EA-9850-399EC5F6AFB9}"
EndProject
Global
	GlobalSection(SolutionConfigurationPlatforms) = preSolution
		Debug|Any CPU = Debug|Any CPU
		Release|Any CPU = Release|Any CPU
	EndGlobalSection
	GlobalSection(ProjectConfigurationPlatforms) = postSolution
		{A0EFF413-20F3-41EA-9850-399EC5F6AFB9}.Debug|Any CPU.ActiveCfg = Debug|Any CPU
		{A0EFF413-20F3-41EA-9850-399EC5F6AFB9}.Debug|Any CPU.Build.0 = Debug|Any CPU
		{A0EFF413-20F3-41EA-9850-399EC5F6AFB9}.Release|Any CPU.ActiveCfg = Release|Any CPU
		{A0EFF413-20F3-41EA-9850-399EC5F6AFB9}.Release|Any CPU.Build.0 = Release|Any CPU
	EndGlobalSection
	GlobalSection(SolutionProperties) = preSolution
		HideSolutionNode = FALSE
	EndGlobalSection
	GlobalSection(ExtensibilityGlobals) = postSolution
		SolutionGuid = {AB2C9085-48F0-4A60-A6C4-09487F1C65AD}
	EndGlobalSection
EndGlobal
